// !$*UTF8*$!
{
	archiveVersion = 1;
	classes = {
	};
	objectVersion = 50;
	objects = {

/* Begin PBXBuildFile section */
		2D76661122A114F60047899A /* AppDelegate.m in Sources */ = {isa = PBXBuildFile; fileRef = 2D76661022A114F60047899A /* AppDelegate.m */; };
		2D76661422A114F60047899A /* ViewController.m in Sources */ = {isa = PBXBuildFile; fileRef = 2D76661322A114F60047899A /* ViewController.m */; };
		2D76661722A114F60047899A /* Main.storyboard in Resources */ = {isa = PBXBuildFile; fileRef = 2D76661522A114F60047899A /* Main.storyboard */; };
		2D76661922A114F70047899A /* Assets.xcassets in Resources */ = {isa = PBXBuildFile; fileRef = 2D76661822A114F70047899A /* Assets.xcassets */; };
		2D76661C22A114F70047899A /* LaunchScreen.storyboard in Resources */ = {isa = PBXBuildFile; fileRef = 2D76661A22A114F70047899A /* LaunchScreen.storyboard */; };
		2D76661F22A114F70047899A /* main.m in Sources */ = {isa = PBXBuildFile; fileRef = 2D76661E22A114F70047899A /* main.m */; };
		2D76662922A114F70047899A /* DateSelectClass_DemoTests.m in Sources */ = {isa = PBXBuildFile; fileRef = 2D76662822A114F70047899A /* DateSelectClass_DemoTests.m */; };
		2D76663422A114F70047899A /* DateSelectClass_DemoUITests.m in Sources */ = {isa = PBXBuildFile; fileRef = 2D76663322A114F70047899A /* DateSelectClass_DemoUITests.m */; };
/* End PBXBuildFile section */

/* Begin PBXContainerItemProxy section */
		2D76662522A114F70047899A /* PBXContainerItemProxy */ = {
			isa = PBXContainerItemProxy;
			containerPortal = 2D76660422A114F60047899A /* Project object */;
			proxyType = 1;
			remoteGlobalIDString = 2D76660B22A114F60047899A;
			remoteInfo = "DateSelectClass-Demo";
		};
		2D76663022A114F70047899A /* PBXContainerItemProxy */ = {
			isa = PBXContainerItemProxy;
			containerPortal = 2D76660422A114F60047899A /* Project object */;
			proxyType = 1;
			remoteGlobalIDString = 2D76660B22A114F60047899A;
			remoteInfo = "DateSelectClass-Demo";
		};
/* End PBXContainerItemProxy section */

/* Begin PBXFileReference section */
		2D76660C22A114F60047899A /* DateSelectClass-Demo.app */ = {isa = PBXFileReference; explicitFileType = wrapper.application; includeInIndex = 0; path = "DateSelectClass-Demo.app"; sourceTree = BUILT_PRODUCTS_DIR; };
		2D76660F22A114F60047899A /* AppDelegate.h */ = {isa = PBXFileReference; lastKnownFileType = sourcecode.c.h; path = AppDelegate.h; sourceTree = "<group>"; };
		2D76661022A114F60047899A /* AppDelegate.m */ = {isa = PBXFileReference; lastKnownFileType = sourcecode.c.objc; path = AppDelegate.m; sourceTree = "<group>"; };
		2D76661222A114F60047899A /* ViewController.h */ = {isa = PBXFileReference; lastKnownFileType = sourcecode.c.h; path = ViewController.h; sourceTree = "<group>"; };
		2D76661322A114F60047899A /* ViewController.m */ = {isa = PBXFileReference; lastKnownFileType = sourcecode.c.objc; path = ViewController.m; sourceTree = "<group>"; };
		2D76661622A114F60047899A /* Base */ = {isa = PBXFileReference; lastKnownFileType = file.storyboard; name = Base; path = Base.lproj/Main.storyboard; sourceTree = "<group>"; };
		2D76661822A114F70047899A /* Assets.xcassets */ = {isa = PBXFileReference; lastKnownFileType = folder.assetcatalog; path = Assets.xcassets; sourceTree = "<group>"; };
		2D76661B22A114F70047899A /* Base */ = {isa = PBXFileReference; lastKnownFileType = file.storyboard; name = Base; path = Base.lproj/LaunchScreen.storyboard; sourceTree = "<group>"; };
		2D76661D22A114F70047899A /* Info.plist */ = {isa = PBXFileReference; lastKnownFileType = text.plist.xml; path = Info.plist; sourceTree = "<group>"; };
		2D76661E22A114F70047899A /* main.m */ = {isa = PBXFileReference; lastKnownFileType = sourcecode.c.objc; path = main.m; sourceTree = "<group>"; };
		2D76662422A114F70047899A /* DateSelectClass-DemoTests.xctest */ = {isa = PBXFileReference; explicitFileType = wrapper.cfbundle; includeInIndex = 0; path = "DateSelectClass-DemoTests.xctest"; sourceTree = BUILT_PRODUCTS_DIR; };
		2D76662822A114F70047899A /* DateSelectClass_DemoTests.m */ = {isa = PBXFileReference; lastKnownFileType = sourcecode.c.objc; path = DateSelectClass_DemoTests.m; sourceTree = "<group>"; };
		2D76662A22A114F70047899A /* Info.plist */ = {isa = PBXFileReference; lastKnownFileType = text.plist.xml; path = Info.plist; sourceTree = "<group>"; };
		2D76662F22A114F70047899A /* DateSelectClass-DemoUITests.xctest */ = {isa = PBXFileReference; explicitFileType = wrapper.cfbundle; includeInIndex = 0; path = "DateSelectClass-DemoUITests.xctest"; sourceTree = BUILT_PRODUCTS_DIR; };
		2D76663322A114F70047899A /* DateSelectClass_DemoUITests.m */ = {isa = PBXFileReference; lastKnownFileType = sourcecode.c.objc; path = DateSelectClass_DemoUITests.m; sourceTree = "<group>"; };
		2D76663522A114F70047899A /* Info.plist */ = {isa = PBXFileReference; lastKnownFileType = text.plist.xml; path = Info.plist; sourceTree = "<group>"; };
/* End PBXFileReference section */

/* Begin PBXFrameworksBuildPhase section */
		2D76660922A114F60047899A /* Frameworks */ = {
			isa = PBXFrameworksBuildPhase;
			buildActionMask = 2147483647;
			files = (
			);
			runOnlyForDeploymentPostprocessing = 0;
		};
		2D76662122A114F70047899A /* Frameworks */ = {
			isa = PBXFrameworksBuildPhase;
			buildActionMask = 2147483647;
			files = (
			);
			runOnlyForDeploymentPostprocessing = 0;
		};
		2D76662C22A114F70047899A /* Frameworks */ = {
			isa = PBXFrameworksBuildPhase;
			buildActionMask = 2147483647;
			files = (
			);
			runOnlyForDeploymentPostprocessing = 0;
		};
/* End PBXFrameworksBuildPhase section */

/* Begin PBXGroup section */
		2D76660322A114F60047899A = {
			isa = PBXGroup;
			children = (
				2D76660E22A114F60047899A /* DateSelectClass-Demo */,
				2D76662722A114F70047899A /* DateSelectClass-DemoTests */,
				2D76663222A114F70047899A /* DateSelectClass-DemoUITests */,
				2D76660D22A114F60047899A /* Products */,
			);
			sourceTree = "<group>";
		};
		2D76660D22A114F60047899A /* Products */ = {
			isa = PBXGroup;
			children = (
				2D76660C22A114F60047899A /* DateSelectClass-Demo.app */,
				2D76662422A114F70047899A /* DateSelectClass-DemoTests.xctest */,
				2D76662F22A114F70047899A /* DateSelectClass-DemoUITests.xctest */,
			);
			name = Products;
			sourceTree = "<group>";
		};
		2D76660E22A114F60047899A /* DateSelectClass-Demo */ = {
			isa = PBXGroup;
			children = (
				2D76660F22A114F60047899A /* AppDelegate.h */,
				2D76661022A114F60047899A /* AppDelegate.m */,
				2D76661222A114F60047899A /* ViewController.h */,
				2D76661322A114F60047899A /* ViewController.m */,
				2D76661522A114F60047899A /* Main.storyboard */,
				2D76661822A114F70047899A /* Assets.xcassets */,
				2D76661A22A114F70047899A /* LaunchScreen.storyboard */,
				2D76661D22A114F70047899A /* Info.plist */,
				2D76661E22A114F70047899A /* main.m */,
			);
			path = "DateSelectClass-Demo";
			sourceTree = "<group>";
		};
		2D76662722A114F70047899A /* DateSelectClass-DemoTests */ = {
			isa = PBXGroup;
			children = (
				2D76662822A114F70047899A /* DateSelectClass_DemoTests.m */,
				2D76662A22A114F70047899A /* Info.plist */,
			);
			path = "DateSelectClass-DemoTests";
			sourceTree = "<group>";
		};
		2D76663222A114F70047899A /* DateSelectClass-DemoUITests */ = {
			isa = PBXGroup;
			children = (
				2D76663322A114F70047899A /* DateSelectClass_DemoUITests.m */,
				2D76663522A114F70047899A /* Info.plist */,
			);
			path = "DateSelectClass-DemoUITests";
			sourceTree = "<group>";
		};
/* End PBXGroup section */

/* Begin PBXNativeTarget section */
		2D76660B22A114F60047899A /* DateSelectClass-Demo */ = {
			isa = PBXNativeTarget;
			buildConfigurationList = 2D76663822A114F70047899A /* Build configuration list for PBXNativeTarget "DateSelectClass-Demo" */;
			buildPhases = (
				2D76660822A114F60047899A /* Sources */,
				2D76660922A114F60047899A /* Frameworks */,
				2D76660A22A114F60047899A /* Resources */,
			);
			buildRules = (
			);
			dependencies = (
			);
			name = "DateSelectClass-Demo";
			productName = "DateSelectClass-Demo";
			productReference = 2D76660C22A114F60047899A /* DateSelectClass-Demo.app */;
			productType = "com.apple.product-type.application";
		};
		2D76662322A114F70047899A /* DateSelectClass-DemoTests */ = {
			isa = PBXNativeTarget;
			buildConfigurationList = 2D76663B22A114F70047899A /* Build configuration list for PBXNativeTarget "DateSelectClass-DemoTests" */;
			buildPhases = (
				2D76662022A114F70047899A /* Sources */,
				2D76662122A114F70047899A /* Frameworks */,
				2D76662222A114F70047899A /* Resources */,
			);
			buildRules = (
			);
			dependencies = (
				2D76662622A114F70047899A /* PBXTargetDependency */,
			);
			name = "DateSelectClass-DemoTests";
			productName = "DateSelectClass-DemoTests";
			productReference = 2D76662422A114F70047899A /* DateSelectClass-DemoTests.xctest */;
			productType = "com.apple.product-type.bundle.unit-test";
		};
		2D76662E22A114F70047899A /* DateSelectClass-DemoUITests */ = {
			isa = PBXNativeTarget;
			buildConfigurationList = 2D76663E22A114F70047899A /* Build configuration list for PBXNativeTarget "DateSelectClass-DemoUITests" */;
			buildPhases = (
				2D76662B22A114F70047899A /* Sources */,
				2D76662C22A114F70047899A /* Frameworks */,
				2D76662D22A114F70047899A /* Resources */,
			);
			buildRules = (
			);
			dependencies = (
				2D76663122A114F70047899A /* PBXTargetDependency */,
			);
			name = "DateSelectClass-DemoUITests";
			productName = "DateSelectClass-DemoUITests";
			productReference = 2D76662F22A114F70047899A /* DateSelectClass-DemoUITests.xctest */;
			productType = "com.apple.product-type.bundle.ui-testing";
		};
/* End PBXNativeTarget section */

/* Begin PBXProject section */
		2D76660422A114F60047899A /* Project object */ = {
			isa = PBXProject;
			attributes = {
				LastUpgradeCheck = 1020;
				ORGANIZATIONNAME = wbgit;
				TargetAttributes = {
					2D76660B22A114F60047899A = {
						CreatedOnToolsVersion = 10.2;
					};
					2D76662322A114F70047899A = {
						CreatedOnToolsVersion = 10.2;
						TestTargetID = 2D76660B22A114F60047899A;
					};
					2D76662E22A114F70047899A = {
						CreatedOnToolsVersion = 10.2;
						TestTargetID = 2D76660B22A114F60047899A;
					};
				};
			};
			buildConfigurationList = 2D76660722A114F60047899A /* Build configuration list for PBXProject "DateSelectClass-Demo" */;
			compatibilityVersion = "Xcode 9.3";
			developmentRegion = en;
			hasScannedForEncodings = 0;
			knownRegions = (
				en,
				Base,
			);
			mainGroup = 2D76660322A114F60047899A;
			productRefGroup = 2D76660D22A114F60047899A /* Products */;
			projectDirPath = "";
			projectRoot = "";
			targets = (
				2D76660B22A114F60047899A /* DateSelectClass-Demo */,
				2D76662322A114F70047899A /* DateSelectClass-DemoTests */,
				2D76662E22A114F70047899A /* DateSelectClass-DemoUITests */,
			);
		};
/* End PBXProject section */

/* Begin PBXResourcesBuildPhase section */
		2D76660A22A114F60047899A /* Resources */ = {
			isa = PBXResourcesBuildPhase;
			buildActionMask = 2147483647;
			files = (
				2D76661C22A114F70047899A /* LaunchScreen.storyboard in Resources */,
				2D76661922A114F70047899A /* Assets.xcassets in Resources */,
				2D76661722A114F60047899A /* Main.storyboard in Resources */,
			);
			runOnlyForDeploymentPostprocessing = 0;
		};
		2D76662222A114F70047899A /* Resources */ = {
			isa = PBXResourcesBuildPhase;
			buildActionMask = 2147483647;
			files = (
			);
			runOnlyForDeploymentPostprocessing = 0;
		};
		2D76662D22A114F70047899A /* Resources */ = {
			isa = PBXResourcesBuildPhase;
			buildActionMask = 2147483647;
			files = (
			);
			runOnlyForDeploymentPostprocessing = 0;
		};
/* End PBXResourcesBuildPhase section */

/* Begin PBXSourcesBuildPhase section */
		2D76660822A114F60047899A /* Sources */ = {
			isa = PBXSourcesBuildPhase;
			buildActionMask = 2147483647;
			files = (
				2D76661422A114F60047899A /* ViewController.m in Sources */,
				2D76661F22A114F70047899A /* main.m in Sources */,
				2D76661122A114F60047899A /* AppDelegate.m in Sources */,
			);
			runOnlyForDeploymentPostprocessing = 0;
		};
		2D76662022A114F70047899A /* Sources */ = {
			isa = PBXSourcesBuildPhase;
			buildActionMask = 2147483647;
			files = (
				2D76662922A114F70047899A /* DateSelectClass_DemoTests.m in Sources */,
			);
			runOnlyForDeploymentPostprocessing = 0;
		};
		2D76662B22A114F70047899A /* Sources */ = {
			isa = PBXSourcesBuildPhase;
			buildActionMask = 2147483647;
			files = (
				2D76663422A114F70047899A /* DateSelectClass_DemoUITests.m in Sources */,
			);
			runOnlyForDeploymentPostprocessing = 0;
		};
/* End PBXSourcesBuildPhase section */

/* Begin PBXTargetDependency section */
		2D76662622A114F70047899A /* PBXTargetDependency */ = {
			isa = PBXTargetDependency;
			target = 2D76660B22A114F60047899A /* DateSelectClass-Demo */;
			targetProxy = 2D76662522A114F70047899A /* PBXContainerItemProxy */;
		};
		2D76663122A114F70047899A /* PBXTargetDependency */ = {
			isa = PBXTargetDependency;
			target = 2D76660B22A114F60047899A /* DateSelectClass-Demo */;
			targetProxy = 2D76663022A114F70047899A /* PBXContainerItemProxy */;
		};
/* End PBXTargetDependency section */

/* Begin PBXVariantGroup section */
		2D76661522A114F60047899A /* Main.storyboard */ = {
			isa = PBXVariantGroup;
			children = (
				2D76661622A114F60047899A /* Base */,
			);
			name = Main.storyboard;
			sourceTree = "<group>";
		};
		2D76661A22A114F70047899A /* LaunchScreen.storyboard */ = {
			isa = PBXVariantGroup;
			children = (
				2D76661B22A114F70047899A /* Base */,
			);
			name = LaunchScreen.storyboard;
			sourceTree = "<group>";
		};
/* End PBXVariantGroup section */

/* Begin XCBuildConfiguration section */
		2D76663622A114F70047899A /* Debug */ = {
			isa = XCBuildConfiguration;
			buildSettings = {
				ALWAYS_SEARCH_USER_PATHS = NO;
				CLANG_ANALYZER_NONNULL = YES;
				CLANG_ANALYZER_NUMBER_OBJECT_CONVERSION = YES_AGGRESSIVE;
				CLANG_CXX_LANGUAGE_STANDARD = "gnu++14";
				CLANG_CXX_LIBRARY = "libc++";
				CLANG_ENABLE_MODULES = YES;
				CLANG_ENABLE_OBJC_ARC = YES;
				CLANG_ENABLE_OBJC_WEAK = YES;
				CLANG_WARN_BLOCK_CAPTURE_AUTORELEASING = YES;
				CLANG_WARN_BOOL_CONVERSION = YES;
				CLANG_WARN_COMMA = YES;
				CLANG_WARN_CONSTANT_CONVERSION = YES;
				CLANG_WARN_DEPRECATED_OBJC_IMPLEMENTATIONS = YES;
				CLANG_WARN_DIRECT_OBJC_ISA_USAGE = YES_ERROR;
				CLANG_WARN_DOCUMENTATION_COMMENTS = YES;
				CLANG_WARN_EMPTY_BODY = YES;
				CLANG_WARN_ENUM_CONVERSION = YES;
				CLANG_WARN_INFINITE_RECURSION = YES;
				CLANG_WARN_INT_CONVERSION = YES;
				CLANG_WARN_NON_LITERAL_NULL_CONVERSION = YES;
				CLANG_WARN_OBJC_IMPLICIT_RETAIN_SELF = YES;
				CLANG_WARN_OBJC_LITERAL_CONVERSION = YES;
				CLANG_WARN_OBJC_ROOT_CLASS = YES_ERROR;
				CLANG_WARN_RANGE_LOOP_ANALYSIS = YES;
				CLANG_WARN_STRICT_PROTOTYPES = YES;
				CLANG_WARN_SUSPICIOUS_MOVE = YES;
				CLANG_WARN_UNGUARDED_AVAILABILITY = YES_AGGRESSIVE;
				CLANG_WARN_UNREACHABLE_CODE = YES;
				CLANG_WARN__DUPLICATE_METHOD_MATCH = YES;
				CODE_SIGN_IDENTITY = "iPhone Developer";
				COPY_PHASE_STRIP = NO;
				DEBUG_INFORMATION_FORMAT = dwarf;
				ENABLE_STRICT_OBJC_MSGSEND = YES;
				ENABLE_TESTABILITY = YES;
				GCC_C_LANGUAGE_STANDARD = gnu11;
				GCC_DYNAMIC_NO_PIC = NO;
				GCC_NO_COMMON_BLOCKS = YES;
				GCC_OPTIMIZATION_LEVEL = 0;
				GCC_PREPROCESSOR_DEFINITIONS = (
					"DEBUG=1",
					"$(inherited)",
				);
				GCC_WARN_64_TO_32_BIT_CONVERSION = YES;
				GCC_WARN_ABOUT_RETURN_TYPE = YES_ERROR;
				GCC_WARN_UNDECLARED_SELECTOR = YES;
				GCC_WARN_UNINITIALIZED_AUTOS = YES_AGGRESSIVE;
				GCC_WARN_UNUSED_FUNCTION = YES;
				GCC_WARN_UNUSED_VARIABLE = YES;
				IPHONEOS_DEPLOYMENT_TARGET = 12.2;
				MTL_ENABLE_DEBUG_INFO = INCLUDE_SOURCE;
				MTL_FAST_MATH = YES;
				ONLY_ACTIVE_ARCH = YES;
				SDKROOT = iphoneos;
			};
			name = Debug;
		};
		2D76663722A114F70047899A /* Release */ = {
			isa = XCBuildConfiguration;
			buildSettings = {
				ALWAYS_SEARCH_USER_PATHS = NO;
				CLANG_ANALYZER_NONNULL = YES;
				CLANG_ANALYZER_NUMBER_OBJECT_CONVERSION = YES_AGGRESSIVE;
				CLANG_CXX_LANGUAGE_STANDARD = "gnu++14";
				CLANG_CXX_LIBRARY = "libc++";
				CLANG_ENABLE_MODULES = YES;
				CLANG_ENABLE_OBJC_ARC = YES;
				CLANG_ENABLE_OBJC_WEAK = YES;
				CLANG_WARN_BLOCK_CAPTURE_AUTORELEASING = YES;
				CLANG_WARN_BOOL_CONVERSION = YES;
				CLANG_WARN_COMMA = YES;
				CLANG_WARN_CONSTANT_CONVERSION = YES;
				CLANG_WARN_DEPRECATED_OBJC_IMPLEMENTATIONS = YES;
				CLANG_WARN_DIRECT_OBJC_ISA_USAGE = YES_ERROR;
				CLANG_WARN_DOCUMENTATION_COMMENTS = YES;
				CLANG_WARN_EMPTY_BODY = YES;
				CLANG_WARN_ENUM_CONVERSION = YES;
				CLANG_WARN_INFINITE_RECURSION = YES;
				CLANG_WARN_INT_CONVERSION = YES;
				CLANG_WARN_NON_LITERAL_NULL_CONVERSION = YES;
				CLANG_WARN_OBJC_IMPLICIT_RETAIN_SELF = YES;
				CLANG_WARN_OBJC_LITERAL_CONVERSION = YES;
				CLANG_WARN_OBJC_ROOT_CLASS = YES_ERROR;
				CLANG_WARN_RANGE_LOOP_ANALYSIS = YES;
				CLANG_WARN_STRICT_PROTOTYPES = YES;
				CLANG_WARN_SUSPICIOUS_MOVE = YES;
				CLANG_WARN_UNGUARDED_AVAILABILITY = YES_AGGRESSIVE;
				CLANG_WARN_UNREACHABLE_CODE = YES;
				CLANG_WARN__DUPLICATE_METHOD_MATCH = YES;
				CODE_SIGN_IDENTITY = "iPhone Developer";
				COPY_PHASE_STRIP = NO;
				DEBUG_INFORMATION_FORMAT = "dwarf-with-dsym";
				ENABLE_NS_ASSERTIONS = NO;
				ENABLE_STRICT_OBJC_MSGSEND = YES;
				GCC_C_LANGUAGE_STANDARD = gnu11;
				GCC_NO_COMMON_BLOCKS = YES;
				GCC_WARN_64_TO_32_BIT_CONVERSION = YES;
				GCC_WARN_ABOUT_RETURN_TYPE = YES_ERROR;
				GCC_WARN_UNDECLARED_SELECTOR = YES;
				GCC_WARN_UNINITIALIZED_AUTOS = YES_AGGRESSIVE;
				GCC_WARN_UNUSED_FUNCTION = YES;
				GCC_WARN_UNUSED_VARIABLE = YES;
				IPHONEOS_DEPLOYMENT_TARGET = 12.2;
				MTL_ENABLE_DEBUG_INFO = NO;
				MTL_FAST_MATH = YES;
				SDKROOT = iphoneos;
				VALIDATE_PRODUCT = YES;
			};
			name = Release;
		};
		2D76663922A114F70047899A /* Debug */ = {
			isa = XCBuildConfiguration;
			buildSettings = {
				ASSETCATALOG_COMPILER_APPICON_NAME = AppIcon;
				CODE_SIGN_STYLE = Automatic;
				DEVELOPMENT_TEAM = 8CK53KVZ5P;
				INFOPLIST_FILE = "DateSelectClass-Demo/Info.plist";
				IPHONEOS_DEPLOYMENT_TARGET = 10.0;
				LD_RUNPATH_SEARCH_PATHS = (
					"$(inherited)",
					"@executable_path/Frameworks",
				);
				PRODUCT_BUNDLE_IDENTIFIER = "com.wbgit.www.DateSelectClass-Demo";
				PRODUCT_NAME = "$(TARGET_NAME)";
				TARGETED_DEVICE_FAMILY = 1;
			};
			name = Debug;
		};
		2D76663A22A114F70047899A /* Release */ = {
			isa = XCBuildConfiguration;
			buildSettings = {
				ASSETCATALOG_COMPILER_APPICON_NAME = AppIcon;
				CODE_SIGN_STYLE = Automatic;
				DEVELOPMENT_TEAM = 8CK53KVZ5P;
				INFOPLIST_FILE = "DateSelectClass-Demo/Info.plist";
				IPHONEOS_DEPLOYMENT_TARGET = 10.0;
				LD_RUNPATH_SEARCH_PATHS = (
					"$(inherited)",
					"@executable_path/Frameworks",
				);
				PRODUCT_BUNDLE_IDENTIFIER = "com.wbgit.www.DateSelectClass-Demo";
				PRODUCT_NAME = "$(TARGET_NAME)";
				TARGETED_DEVICE_FAMILY = 1;
			};
			name = Release;
		};
		2D76663C22A114F70047899A /* Debug */ = {
			isa = XCBuildConfiguration;
			buildSettings = {
				BUNDLE_LOADER = "$(TEST_HOST)";
				CODE_SIGN_STYLE = Automatic;
				DEVELOPMENT_TEAM = 8CK53KVZ5P;
				INFOPLIST_FILE = "DateSelectClass-DemoTests/Info.plist";
				LD_RUNPATH_SEARCH_PATHS = (
					"$(inherited)",
					"@executable_path/Frameworks",
					"@loader_path/Frameworks",
				);
				PRODUCT_BUNDLE_IDENTIFIER = "com.wbgit.www.DateSelectClass-DemoTests";
				PRODUCT_NAME = "$(TARGET_NAME)";
				TARGETED_DEVICE_FAMILY = "1,2";
				TEST_HOST = "$(BUILT_PRODUCTS_DIR)/DateSelectClass-Demo.app/DateSelectClass-Demo";
			};
			name = Debug;
		};
		2D76663D22A114F70047899A /* Release */ = {
			isa = XCBuildConfiguration;
			buildSettings = {
				BUNDLE_LOADER = "$(TEST_HOST)";
				CODE_SIGN_STYLE = Automatic;
				DEVELOPMENT_TEAM = 8CK53KVZ5P;
				INFOPLIST_FILE = "DateSelectClass-DemoTests/Info.plist";
				LD_RUNPATH_SEARCH_PATHS = (
					"$(inherited)",
					"@executable_path/Frameworks",
					"@loader_path/Frameworks",
				);
				PRODUCT_BUNDLE_IDENTIFIER = "com.wbgit.www.DateSelectClass-DemoTests";
				PRODUCT_NAME = "$(TARGET_NAME)";
				TARGETED_DEVICE_FAMILY = "1,2";
				TEST_HOST = "$(BUILT_PRODUCTS_DIR)/DateSelectClass-Demo.app/DateSelectClass-Demo";
			};
			name = Release;
		};
		2D76663F22A114F70047899A /* Debug */ = {
			isa = XCBuildConfiguration;
			buildSettings = {
				CODE_SIGN_STYLE = Automatic;
				DEVELOPMENT_TEAM = 8CK53KVZ5P;
				INFOPLIST_FILE = "DateSelectClass-DemoUITests/Info.plist";
				LD_RUNPATH_SEARCH_PATHS = (
					"$(inherited)",
					"@executable_path/Frameworks",
					"@loader_path/Frameworks",
				);
				PRODUCT_BUNDLE_IDENTIFIER = "com.wbgit.www.DateSelectClass-DemoUITests";
				PRODUCT_NAME = "$(TARGET_NAME)";
				TARGETED_DEVICE_FAMILY = "1,2";
				TEST_TARGET_NAME = "DateSelectClass-Demo";
			};
			name = Debug;
		};
		2D76664022A114F70047899A /* Release */ = {
			isa = XCBuildConfiguration;
			buildSettings = {
				CODE_SIGN_STYLE = Automatic;
				DEVELOPMENT_TEAM = 8CK53KVZ5P;
				INFOPLIST_FILE = "DateSelectClass-DemoUITests/Info.plist";
				LD_RUNPATH_SEARCH_PATHS = (
					"$(inherited)",
					"@executable_path/Frameworks",
					"@loader_path/Frameworks",
				);
				PRODUCT_BUNDLE_IDENTIFIER = "com.wbgit.www.DateSelectClass-DemoUITests";
				PRODUCT_NAME = "$(TARGET_NAME)";
				TARGETED_DEVICE_FAMILY = "1,2";
				TEST_TARGET_NAME = "DateSelectClass-Demo";
			};
			name = Release;
		};
/* End XCBuildConfiguration section */

/* Begin XCConfigurationList section */
		2D76660722A114F60047899A /* Build configuration list for PBXProject "DateSelectClass-Demo" */ = {
			isa = XCConfigurationList;
			buildConfigurations = (
				2D76663622A114F70047899A /* Debug */,
				2D76663722A114F70047899A /* Release */,
			);
			defaultConfigurationIsVisible = 0;
			defaultConfigurationName = Release;
		};
		2D76663822A114F70047899A /* Build configuration list for PBXNativeTarget "DateSelectClass-Demo" */ = {
			isa = XCConfigurationList;
			buildConfigurations = (
				2D76663922A114F70047899A /* Debug */,
				2D76663A22A114F70047899A /* Release */,
			);
			defaultConfigurationIsVisible = 0;
			defaultConfigurationName = Release;
		};
		2D76663B22A114F70047899A /* Build configuration list for PBXNativeTarget "DateSelectClass-DemoTests" */ = {
			isa = XCConfigurationList;
			buildConfigurations = (
				2D76663C22A114F70047899A /* Debug */,
				2D76663D22A114F70047899A /* Release */,
			);
			defaultConfigurationIsVisible = 0;
			defaultConfigurationName = Release;
		};
		2D76663E22A114F70047899A /* Build configuration list for PBXNativeTarget "DateSelectClass-DemoUITests" */ = {
			isa = XCConfigurationList;
			buildConfigurations = (
				2D76663F22A114F70047899A /* Debug */,
				2D76664022A114F70047899A /* Release */,
			);
			defaultConfigurationIsVisible = 0;
			defaultConfigurationName = Release;
		};
/* End XCConfigurationList section */
	};
	rootObject = 2D76660422A114F60047899A /* Project object */;
}
